
Microsoft Visual Studio Solution File, Format Version 12.00
# Visual Studio Version 17
VisualStudioVersion = 17.4.33122.133
MinimumVisualStudioVersion = 10.0.40219.1
Project("{FAE04EC0-301F-11D3-BF4B-00C04F79EFBC}") = "EFCorePostgres", "EFCorePostgres\EFCorePostgres.csproj", "{D64DD501-F558-40CC-8499-EA62DAC4323A}"
EndProject
Global
	GlobalSection(SolutionConfigurationPlatforms) = preSolution
		Debug|Any CPU = Debug|Any CPU
		Release|Any CPU = Release|Any CPU
	EndGlobalSection
	GlobalSection(ProjectConfigurationPlatforms) = postSolution
		{D64DD501-F558-40CC-8499-EA62DAC4323A}.Debug|Any CPU.ActiveCfg = Debug|Any CPU
		{D64DD501-F558-40CC-8499-EA62DAC4323A}.Debug|Any CPU.Build.0 = Debug|Any CPU
		{D64DD501-F558-40CC-8499-EA62DAC4323A}.Release|Any CPU.ActiveCfg = Release|Any CPU
		{D64DD501-F558-40CC-8499-EA62DAC4323A}.Release|Any CPU.Build.0 = Release|Any CPU
	EndGlobalSection
	GlobalSection(SolutionProperties) = preSolution
		HideSolutionNode = FALSE
	EndGlobalSection
	GlobalSection(ExtensibilityGlobals) = postSolution
		SolutionGuid = {CC730773-5DFD-446B-AB1B-10FDE73C4F55}
	EndGlobalSection
EndGlobal
